{
  "name": "tra-global-styles",
  "version": "1.0.0",
  "lockfileVersion": 1,
  "requires": true,
  "dependencies": {
    "@glidejs/glide": {
      "version": "3.7.1",
      "resolved": "https://registry.npmjs.org/@glidejs/glide/-/glide-3.7.1.tgz",
      "integrity": "sha512-8he0pZpLSqTesSFYiuWdhBmtdlYSPWxfPUCKtkkiX6ZmT8UdMdmoFPtJaOwLBXv4p2JiGxqbuPdiRGGo2e/htQ==",
      "dev": true
    },
    "foundation-sites": {
      "version": "6.9.0",
      "resolved": "https://registry.npmjs.org/foundation-sites/-/foundation-sites-6.9.0.tgz",
      "integrity": "sha512-bZpjL6lxuGViy1UU/NuMddyAAJP0YgJYKNh+8ZtDWhQRtiY1yQISxHmgF4V8EFx7DWHDTdZC1fwFysnMAYkdQg==",
      "dev": true
    }
  }
}
